{
    "version": 3,
    "terraform_version": "0.11.10",
    "serial": 5,
    "lineage": "fc06ee71-0fff-440b-9d03-65504a3e0807",
    "modules": [
        {
            "path": [
                "root"
            ],
            "outputs": {},
            "resources": {
                "azurerm_resource_group.rg_network": {
                    "type": "azurerm_resource_group",
                    "depends_on": [],
                    "primary": {
                        "id": "/subscriptions/7fa8a783-7534-49e6-bee5-9feb48ea5ce1/resourceGroups/Network-Test",
                        "attributes": {
                            "id": "/subscriptions/7fa8a783-7534-49e6-bee5-9feb48ea5ce1/resourceGroups/Network-Test",
                            "location": "westeurope",
                            "name": "Network-Test",
                            "tags.%": "0"
                        },
                        "meta": {},
                        "tainted": false
                    },
                    "deposed": [],
                    "provider": "provider.azurerm"
                }
            },
            "depends_on": []
        },
        {
            "path": [
                "root",
                "create_network"
            ],
            "outputs": {
                "mgmt_sub_id": {
                    "sensitive": false,
                    "type": "string",
                    "value": "/subscriptions/7fa8a783-7534-49e6-bee5-9feb48ea5ce1/resourceGroups/Network-Test/providers/Microsoft.Network/virtualNetworks/FLOAPP-VNet-Test/subnets/LAN"
                }
            },
            "resources": {
                "azurerm_subnet.mgmt_sub_db": {
                    "type": "azurerm_subnet",
                    "depends_on": [
                        "azurerm_virtual_network.mgmt_vnet"
                    ],
                    "primary": {
                        "id": "/subscriptions/7fa8a783-7534-49e6-bee5-9feb48ea5ce1/resourceGroups/Network-Test/providers/Microsoft.Network/virtualNetworks/FLOAPP-VNet-Test/subnets/LAN",
                        "attributes": {
                            "address_prefix": "10.0.0.0/24",
                            "delegation.#": "0",
                            "enforce_private_link_endpoint_network_policies": "false",
                            "enforce_private_link_service_network_policies": "false",
                            "id": "/subscriptions/7fa8a783-7534-49e6-bee5-9feb48ea5ce1/resourceGroups/Network-Test/providers/Microsoft.Network/virtualNetworks/FLOAPP-VNet-Test/subnets/LAN",
                            "ip_configurations.#": "0",
                            "name": "LAN",
                            "network_security_group_id": "",
                            "resource_group_name": "Network-Test",
                            "route_table_id": "",
                            "service_endpoints.#": "0",
                            "virtual_network_name": "FLOAPP-VNet-Test"
                        },
                        "meta": {},
                        "tainted": false
                    },
                    "deposed": [],
                    "provider": "provider.azurerm"
                },
                "azurerm_virtual_network.mgmt_vnet": {
                    "type": "azurerm_virtual_network",
                    "depends_on": [],
                    "primary": {
                        "id": "/subscriptions/7fa8a783-7534-49e6-bee5-9feb48ea5ce1/resourceGroups/Network-Test/providers/Microsoft.Network/virtualNetworks/FLOAPP-VNet-Test",
                        "attributes": {
                            "address_space.#": "1",
                            "address_space.0": "10.0.0.0/8",
                            "ddos_protection_plan.#": "0",
                            "dns_servers.#": "1",
                            "dns_servers.0": "8.8.8.8",
                            "id": "/subscriptions/7fa8a783-7534-49e6-bee5-9feb48ea5ce1/resourceGroups/Network-Test/providers/Microsoft.Network/virtualNetworks/FLOAPP-VNet-Test",
                            "location": "westeurope",
                            "name": "FLOAPP-VNet-Test",
                            "resource_group_name": "Network-Test",
                            "subnet.#": "0",
                            "tags.%": "0"
                        },
                        "meta": {},
                        "tainted": false
                    },
                    "deposed": [],
                    "provider": "provider.azurerm"
                }
            },
            "depends_on": []
        },
        {
            "path": [
                "root",
                "windows_vm"
            ],
            "outputs": {
                "computer_name_Windows": {
                    "sensitive": false,
                    "type": "string",
                    "value": "WS01"
                }
            },
            "resources": {
                "azurerm_network_interface.windows_nic": {
                    "type": "azurerm_network_interface",
                    "depends_on": [],
                    "primary": {
                        "id": "/subscriptions/7fa8a783-7534-49e6-bee5-9feb48ea5ce1/resourceGroups/Network-Test/providers/Microsoft.Network/networkInterfaces/WS01-NIC",
                        "attributes": {
                            "applied_dns_servers.#": "0",
                            "dns_servers.#": "0",
                            "enable_accelerated_networking": "false",
                            "enable_ip_forwarding": "false",
                            "id": "/subscriptions/7fa8a783-7534-49e6-bee5-9feb48ea5ce1/resourceGroups/Network-Test/providers/Microsoft.Network/networkInterfaces/WS01-NIC",
                            "internal_dns_name_label": "",
                            "internal_fqdn": "",
                            "ip_configuration.#": "1",
                            "ip_configuration.0.application_gateway_backend_address_pools_ids.#": "0",
                            "ip_configuration.0.application_security_group_ids.#": "0",
                            "ip_configuration.0.load_balancer_backend_address_pools_ids.#": "0",
                            "ip_configuration.0.load_balancer_inbound_nat_rules_ids.#": "0",
                            "ip_configuration.0.name": "ipconfig",
                            "ip_configuration.0.primary": "true",
                            "ip_configuration.0.private_ip_address": "10.0.0.4",
                            "ip_configuration.0.private_ip_address_allocation": "dynamic",
                            "ip_configuration.0.private_ip_address_version": "IPv4",
                            "ip_configuration.0.public_ip_address_id": "",
                            "ip_configuration.0.subnet_id": "/subscriptions/7fa8a783-7534-49e6-bee5-9feb48ea5ce1/resourceGroups/Network-Test/providers/Microsoft.Network/virtualNetworks/FLOAPP-VNet-Test/subnets/LAN",
                            "location": "westeurope",
                            "mac_address": "",
                            "name": "WS01-NIC",
                            "network_security_group_id": "",
                            "private_ip_address": "10.0.0.4",
                            "private_ip_addresses.#": "1",
                            "private_ip_addresses.0": "10.0.0.4",
                            "resource_group_name": "Network-Test",
                            "tags.%": "0"
                        },
                        "meta": {},
                        "tainted": false
                    },
                    "deposed": [],
                    "provider": "provider.azurerm"
                },
                "azurerm_virtual_machine.windows_vm": {
                    "type": "azurerm_virtual_machine",
                    "depends_on": [
                        "azurerm_network_interface.windows_nic"
                    ],
                    "primary": {
                        "id": "/subscriptions/7fa8a783-7534-49e6-bee5-9feb48ea5ce1/resourceGroups/Network-Test/providers/Microsoft.Compute/virtualMachines/WS01",
                        "attributes": {
                            "additional_capabilities.#": "0",
                            "delete_data_disks_on_termination": "true",
                            "delete_os_disk_on_termination": "true",
                            "id": "/subscriptions/7fa8a783-7534-49e6-bee5-9feb48ea5ce1/resourceGroups/Network-Test/providers/Microsoft.Compute/virtualMachines/WS01",
                            "identity.#": "0",
                            "location": "westeurope",
                            "name": "WS01",
                            "network_interface_ids.#": "1",
                            "network_interface_ids.0": "/subscriptions/7fa8a783-7534-49e6-bee5-9feb48ea5ce1/resourceGroups/Network-Test/providers/Microsoft.Network/networkInterfaces/WS01-NIC",
                            "os_profile.#": "1",
                            "os_profile.3438865324.admin_password": "",
                            "os_profile.3438865324.admin_username": "testadmin",
                            "os_profile.3438865324.computer_name": "WS01",
                            "os_profile.3438865324.custom_data": "",
                            "os_profile_linux_config.#": "0",
                            "os_profile_secrets.#": "0",
                            "os_profile_windows_config.#": "1",
                            "os_profile_windows_config.12120450.additional_unattend_config.#": "0",
                            "os_profile_windows_config.12120450.enable_automatic_upgrades": "false",
                            "os_profile_windows_config.12120450.provision_vm_agent": "true",
                            "os_profile_windows_config.12120450.timezone": "Romance Standard Time",
                            "os_profile_windows_config.12120450.winrm.#": "0",
                            "plan.#": "0",
                            "resource_group_name": "Network-Test",
                            "storage_data_disk.#": "0",
                            "storage_image_reference.#": "1",
                            "storage_image_reference.3190600785.id": "",
                            "storage_image_reference.3190600785.offer": "WindowsServer",
                            "storage_image_reference.3190600785.publisher": "MicrosoftWindowsServer",
                            "storage_image_reference.3190600785.sku": "2019-Datacenter",
                            "storage_image_reference.3190600785.version": "latest",
                            "storage_os_disk.#": "1",
                            "storage_os_disk.0.caching": "ReadWrite",
                            "storage_os_disk.0.create_option": "FromImage",
                            "storage_os_disk.0.disk_size_gb": "127",
                            "storage_os_disk.0.image_uri": "",
                            "storage_os_disk.0.managed_disk_id": "/subscriptions/7fa8a783-7534-49e6-bee5-9feb48ea5ce1/resourceGroups/NETWORK-TEST/providers/Microsoft.Compute/disks/WS01-OS",
                            "storage_os_disk.0.managed_disk_type": "Standard_LRS",
                            "storage_os_disk.0.name": "WS01-OS",
                            "storage_os_disk.0.os_type": "Windows",
                            "storage_os_disk.0.vhd_uri": "",
                            "storage_os_disk.0.write_accelerator_enabled": "false",
                            "tags.%": "0",
                            "vm_size": "Standard_D2s_v3",
                            "zones.#": "0"
                        },
                        "meta": {},
                        "tainted": false
                    },
                    "deposed": [],
                    "provider": "provider.azurerm"
                }
            },
            "depends_on": []
        }
    ]
}
