{
  "version": 4,
  "terraform_version": "1.0.9",
  "serial": 20,
  "lineage": "cedd163f-d4ba-36a9-2fa9-b9b740cb6da2",
  "outputs": {
    "webapp_ips": {
      "value": "20.82.46.132,20.82.40.237,20.82.40.75,20.82.47.139,20.82.46.238,20.93.232.91,20.50.2.72",
      "type": "string"
    },
    "webapp_url": {
      "value": "demo-tf-app-service.azurewebsites.net",
      "type": "string"
    }
  },
  "resources": [
    {
      "mode": "managed",
      "type": "azurerm_app_service",
      "name": "example",
      "provider": "provider[\"registry.terraform.io/hashicorp/azurerm\"]",
      "instances": [
        {
          "schema_version": 0,
          "attributes": {
            "app_service_plan_id": "/subscriptions/8dbe3d6e-9004-433e-9305-e115ff108d4d/resourceGroups/demo-tf-rg/providers/Microsoft.Web/serverfarms/demo-tf-appserviceplan",
            "app_settings": {
              "SOME_KEY": "some-value"
            },
            "auth_settings": [
              {
                "active_directory": [],
                "additional_login_params": {},
                "allowed_external_redirect_urls": [],
                "default_provider": "",
                "enabled": false,
                "facebook": [],
                "google": [],
                "issuer": "",
                "microsoft": [],
                "runtime_version": "",
                "token_refresh_extension_hours": 0,
                "token_store_enabled": false,
                "twitter": [],
                "unauthenticated_client_action": ""
              }
            ],
            "backup": [],
            "client_affinity_enabled": false,
            "client_cert_enabled": false,
            "connection_string": [
              {
                "name": "Database",
                "type": "SQLServer",
                "value": "Server=some-server.mydomain.com;Integrated Security=SSPI"
              }
            ],
            "custom_domain_verification_id": "3016D8F5B901CAAAD8893D261922935EC625F7B2D341460CBE5CB7A5E33CA76A",
            "default_site_hostname": "demo-tf-app-service.azurewebsites.net",
            "enabled": true,
            "https_only": false,
            "id": "/subscriptions/8dbe3d6e-9004-433e-9305-e115ff108d4d/resourceGroups/demo-tf-rg/providers/Microsoft.Web/sites/demo-tf-app-service",
            "identity": [],
            "location": "westeurope",
            "logs": [
              {
                "application_logs": [
                  {
                    "azure_blob_storage": [],
                    "file_system_level": "Off"
                  }
                ],
                "detailed_error_messages_enabled": false,
                "failed_request_tracing_enabled": false,
                "http_logs": [
                  {
                    "azure_blob_storage": [],
                    "file_system": []
                  }
                ]
              }
            ],
            "name": "demo-tf-app-service",
            "outbound_ip_address_list": [
              "20.82.46.132",
              "20.82.40.237",
              "20.82.40.75",
              "20.82.47.139",
              "20.82.46.238",
              "20.93.232.91",
              "20.50.2.72"
            ],
            "outbound_ip_addresses": "20.82.46.132,20.82.40.237,20.82.40.75,20.82.47.139,20.82.46.238,20.93.232.91,20.50.2.72",
            "possible_outbound_ip_address_list": [
              "20.82.46.132",
              "20.82.40.237",
              "20.82.40.75",
              "20.82.47.139",
              "20.82.46.238",
              "20.93.232.91",
              "20.93.232.115",
              "20.82.46.20",
              "20.93.233.76",
              "20.93.233.167",
              "20.93.234.7",
              "20.93.234.159",
              "20.93.235.4",
              "20.93.235.82",
              "20.93.235.106",
              "20.82.44.84",
              "20.82.43.218",
              "20.93.236.101",
              "20.82.47.72",
              "20.82.41.183",
              "20.93.236.221",
              "20.93.236.237",
              "20.93.237.123",
              "20.93.237.130",
              "20.93.238.2",
              "20.93.238.161",
              "20.93.237.229",
              "20.93.238.251",
              "20.93.235.130",
              "20.93.239.12",
              "20.50.2.72"
            ],
            "possible_outbound_ip_addresses": "20.82.46.132,20.82.40.237,20.82.40.75,20.82.47.139,20.82.46.238,20.93.232.91,20.93.232.115,20.82.46.20,20.93.233.76,20.93.233.167,20.93.234.7,20.93.234.159,20.93.235.4,20.93.235.82,20.93.235.106,20.82.44.84,20.82.43.218,20.93.236.101,20.82.47.72,20.82.41.183,20.93.236.221,20.93.236.237,20.93.237.123,20.93.237.130,20.93.238.2,20.93.238.161,20.93.237.229,20.93.238.251,20.93.235.130,20.93.239.12,20.50.2.72",
            "resource_group_name": "demo-tf-rg",
            "site_config": [
              {
                "always_on": false,
                "app_command_line": "",
                "auto_swap_slot_name": "",
                "cors": [
                  {
                    "allowed_origins": [],
                    "support_credentials": false
                  }
                ],
                "default_documents": null,
                "dotnet_framework_version": "v4.0",
                "ftps_state": "AllAllowed",
                "health_check_path": "",
                "http2_enabled": false,
                "ip_restriction": [],
                "java_container": "",
                "java_container_version": "",
                "java_version": "",
                "linux_fx_version": "",
                "local_mysql_enabled": false,
                "managed_pipeline_mode": "Integrated",
                "min_tls_version": "1.2",
                "number_of_workers": 1,
                "php_version": "",
                "python_version": "",
                "remote_debugging_enabled": false,
                "remote_debugging_version": "VS2019",
                "scm_ip_restriction": [],
                "scm_type": "LocalGit",
                "scm_use_main_ip_restriction": false,
                "use_32_bit_worker_process": false,
                "websockets_enabled": false,
                "windows_fx_version": ""
              }
            ],
            "site_credential": [
              {
                "password": "rv0QtgKfnzugELGxPGW6pHQu37upw1qCt06toJbsfwydYH6cxzHdhq9aBgLX",
                "username": "$demo-tf-app-service"
              }
            ],
            "source_control": [
              {
                "branch": "master",
                "manual_integration": false,
                "repo_url": "https://demo-tf-app-service.scm.azurewebsites.net",
                "rollback_enabled": false,
                "use_mercurial": false
              }
            ],
            "storage_account": [],
            "tags": null,
            "timeouts": null
          },
          "sensitive_attributes": [],
          "private": "eyJlMmJmYjczMC1lY2FhLTExZTYtOGY4OC0zNDM2M2JjN2M0YzAiOnsiY3JlYXRlIjoxODAwMDAwMDAwMDAwLCJkZWxldGUiOjE4MDAwMDAwMDAwMDAsInJlYWQiOjMwMDAwMDAwMDAwMCwidXBkYXRlIjoxODAwMDAwMDAwMDAwfX0=",
          "dependencies": [
            "azurerm_app_service_plan.example",
            "azurerm_resource_group.example"
          ]
        }
      ]
    },
    {
      "mode": "managed",
      "type": "azurerm_app_service_plan",
      "name": "example",
      "provider": "provider[\"registry.terraform.io/hashicorp/azurerm\"]",
      "instances": [
        {
          "schema_version": 0,
          "attributes": {
            "app_service_environment_id": "",
            "id": "/subscriptions/8dbe3d6e-9004-433e-9305-e115ff108d4d/resourceGroups/demo-tf-rg/providers/Microsoft.Web/serverfarms/demo-tf-appserviceplan",
            "is_xenon": false,
            "kind": "Windows",
            "location": "westeurope",
            "maximum_elastic_worker_count": 1,
            "maximum_number_of_workers": 10,
            "name": "demo-tf-appserviceplan",
            "per_site_scaling": false,
            "reserved": false,
            "resource_group_name": "demo-tf-rg",
            "sku": [
              {
                "capacity": 1,
                "size": "S1",
                "tier": "Standard"
              }
            ],
            "tags": null,
            "timeouts": null
          },
          "sensitive_attributes": [],
          "private": "eyJlMmJmYjczMC1lY2FhLTExZTYtOGY4OC0zNDM2M2JjN2M0YzAiOnsiY3JlYXRlIjozNjAwMDAwMDAwMDAwLCJkZWxldGUiOjM2MDAwMDAwMDAwMDAsInJlYWQiOjMwMDAwMDAwMDAwMCwidXBkYXRlIjozNjAwMDAwMDAwMDAwfX0=",
          "dependencies": [
            "azurerm_resource_group.example"
          ]
        }
      ]
    },
    {
      "mode": "managed",
      "type": "azurerm_resource_group",
      "name": "example",
      "provider": "provider[\"registry.terraform.io/hashicorp/azurerm\"]",
      "instances": [
        {
          "schema_version": 0,
          "attributes": {
            "id": "/subscriptions/8dbe3d6e-9004-433e-9305-e115ff108d4d/resourceGroups/demo-tf-rg",
            "location": "westeurope",
            "name": "demo-tf-rg",
            "tags": null,
            "timeouts": null
          },
          "sensitive_attributes": [],
          "private": "eyJlMmJmYjczMC1lY2FhLTExZTYtOGY4OC0zNDM2M2JjN2M0YzAiOnsiY3JlYXRlIjo1NDAwMDAwMDAwMDAwLCJkZWxldGUiOjU0MDAwMDAwMDAwMDAsInJlYWQiOjMwMDAwMDAwMDAwMCwidXBkYXRlIjo1NDAwMDAwMDAwMDAwfX0="
        }
      ]
    }
  ]
}
